
Microsoft Visual Studio Solution File, Format Version 12.00
# Visual Studio Version 16
VisualStudioVersion = 16.0.31911.196
MinimumVisualStudioVersion = 10.0.40219.1
Project("{2150E333-8FDC-42A3-9474-1A3956D46DE8}") = "Core", "Core", "{889820D6-3677-431F-9148-59CEEBD1A010}"
EndProject
Project("{2150E333-8FDC-42A3-9474-1A3956D46DE8}") = "Solution Items", "Solution Items", "{1E1DC0F6-13C4-4481-9DA8-D1D37C9F7689}"
	ProjectSection(SolutionItems) = preProject
		.editorconfig = .editorconfig
		Directory.Build.props = Directory.Build.props
		IMI.runsettings = IMI.runsettings
		.sonarlint\IMIcsharp.ruleset = .sonarlint\IMIcsharp.ruleset
	EndProjectSection
EndProject
Project("{2150E333-8FDC-42A3-9474-1A3956D46DE8}") = "TestHelpers", "TestHelpers", "{FE8C9A31-67B4-4675-A238-5742A8201E44}"
EndProject
Project("{9A19103F-16F7-4668-BE54-9A1E7A4F7556}") = "TestHelpers", "TestHelpers\TestHelpers.csproj", "{F90612ED-FB38-4C0D-9D2D-A3D29B9C1393}"
EndProject
Project("{2150E333-8FDC-42A3-9474-1A3956D46DE8}") = "Core.Constracts", "Core.Constracts", "{2E7573DD-EFFD-4DE4-B428-30F9308750B2}"
EndProject
Project("{2150E333-8FDC-42A3-9474-1A3956D46DE8}") = "Core.Ui", "Core.Ui", "{5ABBC560-2387-49C4-9434-108725E61766}"
EndProject
Project("{2150E333-8FDC-42A3-9474-1A3956D46DE8}") = "Core", "Core", "{66AAAF22-095B-42AD-8060-B233F44E8982}"
EndProject
Project("{9A19103F-16F7-4668-BE54-9A1E7A4F7556}") = "Core", "Core\Core\Core.csproj", "{D089B91C-09DB-4A23-A82D-6BAAC82A8D65}"
EndProject
Project("{9A19103F-16F7-4668-BE54-9A1E7A4F7556}") = "Core.Tests", "Core\Core.Tests\Core.Tests.csproj", "{962CE3EE-3D85-4F4B-AE0E-37943D776BD8}"
EndProject
Project("{9A19103F-16F7-4668-BE54-9A1E7A4F7556}") = "Core.Contracts", "Core\Core.Contracts\Core.Contracts.csproj", "{ACC33237-0FD8-48E0-AD36-40A6F0CE4F2D}"
EndProject
Project("{9A19103F-16F7-4668-BE54-9A1E7A4F7556}") = "Core.Contracs.Tests", "Core\Core.Contracs.Tests\Core.Contracs.Tests.csproj", "{15EF90B5-A835-4B10-ACA1-0EC56DEEADBF}"
EndProject
Project("{9A19103F-16F7-4668-BE54-9A1E7A4F7556}") = "Core.Ui.Tests", "Core\Core.Ui.Tests\Core.Ui.Tests.csproj", "{23B18A3E-DA9D-4507-AB4C-0521FB40C4F1}"
EndProject
Project("{FAE04EC0-301F-11D3-BF4B-00C04F79EFBC}") = "Core.Ui", "Core\Core.Ui\Core.Ui.csproj", "{E284FAA8-DD81-49CD-9E50-375345B63902}"
EndProject
Project("{FAE04EC0-301F-11D3-BF4B-00C04F79EFBC}") = "Mp3Player", "Mp3Player\Mp3Player.csproj", "{E6E1BFE1-CD85-4894-B8F7-C7F421558AA6}"
EndProject
Project("{2150E333-8FDC-42A3-9474-1A3956D46DE8}") = "NewFolder1", "NewFolder1", "{D2F79266-D364-42F1-B150-DCA4EEBD992B}"
EndProject
Project("{FAE04EC0-301F-11D3-BF4B-00C04F79EFBC}") = "Mp3Player.Tests", "Mp3Player.Tests\Mp3Player.Tests.csproj", "{BD4040C5-F3AE-4B89-A8C4-7EE1DA3EACB7}"
EndProject
Project("{2150E333-8FDC-42A3-9474-1A3956D46DE8}") = "Tests", "Tests", "{2EEEFD7C-0007-478B-BC79-5F1910C62658}"
EndProject
Global
	GlobalSection(SolutionConfigurationPlatforms) = preSolution
		Debug|Any CPU = Debug|Any CPU
		Release|Any CPU = Release|Any CPU
	EndGlobalSection
	GlobalSection(ProjectConfigurationPlatforms) = postSolution
		{F90612ED-FB38-4C0D-9D2D-A3D29B9C1393}.Debug|Any CPU.ActiveCfg = Debug|Any CPU
		{F90612ED-FB38-4C0D-9D2D-A3D29B9C1393}.Debug|Any CPU.Build.0 = Debug|Any CPU
		{F90612ED-FB38-4C0D-9D2D-A3D29B9C1393}.Release|Any CPU.ActiveCfg = Release|Any CPU
		{F90612ED-FB38-4C0D-9D2D-A3D29B9C1393}.Release|Any CPU.Build.0 = Release|Any CPU
		{D089B91C-09DB-4A23-A82D-6BAAC82A8D65}.Debug|Any CPU.ActiveCfg = Debug|Any CPU
		{D089B91C-09DB-4A23-A82D-6BAAC82A8D65}.Debug|Any CPU.Build.0 = Debug|Any CPU
		{D089B91C-09DB-4A23-A82D-6BAAC82A8D65}.Release|Any CPU.ActiveCfg = Release|Any CPU
		{D089B91C-09DB-4A23-A82D-6BAAC82A8D65}.Release|Any CPU.Build.0 = Release|Any CPU
		{962CE3EE-3D85-4F4B-AE0E-37943D776BD8}.Debug|Any CPU.ActiveCfg = Debug|Any CPU
		{962CE3EE-3D85-4F4B-AE0E-37943D776BD8}.Debug|Any CPU.Build.0 = Debug|Any CPU
		{962CE3EE-3D85-4F4B-AE0E-37943D776BD8}.Release|Any CPU.ActiveCfg = Release|Any CPU
		{962CE3EE-3D85-4F4B-AE0E-37943D776BD8}.Release|Any CPU.Build.0 = Release|Any CPU
		{ACC33237-0FD8-48E0-AD36-40A6F0CE4F2D}.Debug|Any CPU.ActiveCfg = Debug|Any CPU
		{ACC33237-0FD8-48E0-AD36-40A6F0CE4F2D}.Debug|Any CPU.Build.0 = Debug|Any CPU
		{ACC33237-0FD8-48E0-AD36-40A6F0CE4F2D}.Release|Any CPU.ActiveCfg = Release|Any CPU
		{ACC33237-0FD8-48E0-AD36-40A6F0CE4F2D}.Release|Any CPU.Build.0 = Release|Any CPU
		{15EF90B5-A835-4B10-ACA1-0EC56DEEADBF}.Debug|Any CPU.ActiveCfg = Debug|Any CPU
		{15EF90B5-A835-4B10-ACA1-0EC56DEEADBF}.Debug|Any CPU.Build.0 = Debug|Any CPU
		{15EF90B5-A835-4B10-ACA1-0EC56DEEADBF}.Release|Any CPU.ActiveCfg = Release|Any CPU
		{15EF90B5-A835-4B10-ACA1-0EC56DEEADBF}.Release|Any CPU.Build.0 = Release|Any CPU
		{23B18A3E-DA9D-4507-AB4C-0521FB40C4F1}.Debug|Any CPU.ActiveCfg = Debug|Any CPU
		{23B18A3E-DA9D-4507-AB4C-0521FB40C4F1}.Debug|Any CPU.Build.0 = Debug|Any CPU
		{23B18A3E-DA9D-4507-AB4C-0521FB40C4F1}.Release|Any CPU.ActiveCfg = Release|Any CPU
		{23B18A3E-DA9D-4507-AB4C-0521FB40C4F1}.Release|Any CPU.Build.0 = Release|Any CPU
		{E284FAA8-DD81-49CD-9E50-375345B63902}.Debug|Any CPU.ActiveCfg = Debug|Any CPU
		{E284FAA8-DD81-49CD-9E50-375345B63902}.Debug|Any CPU.Build.0 = Debug|Any CPU
		{E284FAA8-DD81-49CD-9E50-375345B63902}.Release|Any CPU.ActiveCfg = Release|Any CPU
		{E284FAA8-DD81-49CD-9E50-375345B63902}.Release|Any CPU.Build.0 = Release|Any CPU
		{E6E1BFE1-CD85-4894-B8F7-C7F421558AA6}.Debug|Any CPU.ActiveCfg = Debug|Any CPU
		{E6E1BFE1-CD85-4894-B8F7-C7F421558AA6}.Debug|Any CPU.Build.0 = Debug|Any CPU
		{E6E1BFE1-CD85-4894-B8F7-C7F421558AA6}.Release|Any CPU.ActiveCfg = Release|Any CPU
		{E6E1BFE1-CD85-4894-B8F7-C7F421558AA6}.Release|Any CPU.Build.0 = Release|Any CPU
		{BD4040C5-F3AE-4B89-A8C4-7EE1DA3EACB7}.Debug|Any CPU.ActiveCfg = Debug|Any CPU
		{BD4040C5-F3AE-4B89-A8C4-7EE1DA3EACB7}.Debug|Any CPU.Build.0 = Debug|Any CPU
		{BD4040C5-F3AE-4B89-A8C4-7EE1DA3EACB7}.Release|Any CPU.ActiveCfg = Release|Any CPU
		{BD4040C5-F3AE-4B89-A8C4-7EE1DA3EACB7}.Release|Any CPU.Build.0 = Release|Any CPU
	EndGlobalSection
	GlobalSection(SolutionProperties) = preSolution
		HideSolutionNode = FALSE
	EndGlobalSection
	GlobalSection(NestedProjects) = preSolution
		{F90612ED-FB38-4C0D-9D2D-A3D29B9C1393} = {FE8C9A31-67B4-4675-A238-5742A8201E44}
		{2E7573DD-EFFD-4DE4-B428-30F9308750B2} = {889820D6-3677-431F-9148-59CEEBD1A010}
		{5ABBC560-2387-49C4-9434-108725E61766} = {889820D6-3677-431F-9148-59CEEBD1A010}
		{66AAAF22-095B-42AD-8060-B233F44E8982} = {889820D6-3677-431F-9148-59CEEBD1A010}
		{D089B91C-09DB-4A23-A82D-6BAAC82A8D65} = {66AAAF22-095B-42AD-8060-B233F44E8982}
		{962CE3EE-3D85-4F4B-AE0E-37943D776BD8} = {66AAAF22-095B-42AD-8060-B233F44E8982}
		{ACC33237-0FD8-48E0-AD36-40A6F0CE4F2D} = {2E7573DD-EFFD-4DE4-B428-30F9308750B2}
		{15EF90B5-A835-4B10-ACA1-0EC56DEEADBF} = {2E7573DD-EFFD-4DE4-B428-30F9308750B2}
		{23B18A3E-DA9D-4507-AB4C-0521FB40C4F1} = {5ABBC560-2387-49C4-9434-108725E61766}
		{E284FAA8-DD81-49CD-9E50-375345B63902} = {5ABBC560-2387-49C4-9434-108725E61766}
	EndGlobalSection
	GlobalSection(ExtensibilityGlobals) = postSolution
		SolutionGuid = {5A34C782-D9B8-4A57-BE6F-69400B097453}
	EndGlobalSection
EndGlobal
