
Microsoft Visual Studio Solution File, Format Version 12.00
# Visual Studio Version 16
VisualStudioVersion = 16.0.31911.196
MinimumVisualStudioVersion = 10.0.40219.1
Project("{2150E333-8FDC-42A3-9474-1A3956D46DE8}") = "Tools", "Tools", "{889820D6-3677-431F-9148-59CEEBD1A010}"
EndProject
Project("{9A19103F-16F7-4668-BE54-9A1E7A4F7556}") = "Tools", "Tools\Tools\Tools.csproj", "{DC9A8744-42CD-44D0-96E8-C82AE1EEF646}"
EndProject
Project("{9A19103F-16F7-4668-BE54-9A1E7A4F7556}") = "Tools.Tests", "Tools\Tools.Tests\Tools.Tests.csproj", "{5DB2E346-2DA2-4A2D-B033-4456EE340D49}"
EndProject
Global
	GlobalSection(SolutionConfigurationPlatforms) = preSolution
		Debug|Any CPU = Debug|Any CPU
		Release|Any CPU = Release|Any CPU
	EndGlobalSection
	GlobalSection(ProjectConfigurationPlatforms) = postSolution
		{DC9A8744-42CD-44D0-96E8-C82AE1EEF646}.Debug|Any CPU.ActiveCfg = Debug|Any CPU
		{DC9A8744-42CD-44D0-96E8-C82AE1EEF646}.Debug|Any CPU.Build.0 = Debug|Any CPU
		{DC9A8744-42CD-44D0-96E8-C82AE1EEF646}.Release|Any CPU.ActiveCfg = Release|Any CPU
		{DC9A8744-42CD-44D0-96E8-C82AE1EEF646}.Release|Any CPU.Build.0 = Release|Any CPU
		{5DB2E346-2DA2-4A2D-B033-4456EE340D49}.Debug|Any CPU.ActiveCfg = Debug|Any CPU
		{5DB2E346-2DA2-4A2D-B033-4456EE340D49}.Debug|Any CPU.Build.0 = Debug|Any CPU
		{5DB2E346-2DA2-4A2D-B033-4456EE340D49}.Release|Any CPU.ActiveCfg = Release|Any CPU
		{5DB2E346-2DA2-4A2D-B033-4456EE340D49}.Release|Any CPU.Build.0 = Release|Any CPU
	EndGlobalSection
	GlobalSection(SolutionProperties) = preSolution
		HideSolutionNode = FALSE
	EndGlobalSection
	GlobalSection(NestedProjects) = preSolution
		{DC9A8744-42CD-44D0-96E8-C82AE1EEF646} = {889820D6-3677-431F-9148-59CEEBD1A010}
		{5DB2E346-2DA2-4A2D-B033-4456EE340D49} = {889820D6-3677-431F-9148-59CEEBD1A010}
	EndGlobalSection
	GlobalSection(ExtensibilityGlobals) = postSolution
		SolutionGuid = {5A34C782-D9B8-4A57-BE6F-69400B097453}
	EndGlobalSection
EndGlobal
